
Microsoft Visual Studio Solution File, Format Version 12.00
# Visual Studio Version 17
VisualStudioVersion = 17.11.35312.102
MinimumVisualStudioVersion = 10.0.40219.1
Project("{8BC9CEB8-8B4A-11D0-8D11-00A0C91BC942}") = "Tarea Semana 7", "Tarea Semana 7\Tarea Semana 7.vcxproj", "{97A7E96F-A6D6-4915-968C-701CFC88B9DC}"
EndProject
Project("{8BC9CEB8-8B4A-11D0-8D11-00A0C91BC942}") = "Intercambio de valores  usando punteros", "Intercambio de valores  usando punteros\Intercambio de valores  usando punteros.vcxproj", "{248C3D64-D7C1-4C79-8B30-2EAC02331726}"
EndProject
Project("{8BC9CEB8-8B4A-11D0-8D11-00A0C91BC942}") = "Modificar una variable mediante punteros", "Modificar una variable mediante punteros\Modificar una variable mediante punteros.vcxproj", "{266052B3-ADD4-4C73-A807-FDC37720ECB6}"
EndProject
Global
	GlobalSection(SolutionConfigurationPlatforms) = preSolution
		Debug|x64 = Debug|x64
		Debug|x86 = Debug|x86
		Release|x64 = Release|x64
		Release|x86 = Release|x86
	EndGlobalSection
	GlobalSection(ProjectConfigurationPlatforms) = postSolution
		{97A7E96F-A6D6-4915-968C-701CFC88B9DC}.Debug|x64.ActiveCfg = Debug|x64
		{97A7E96F-A6D6-4915-968C-701CFC88B9DC}.Debug|x64.Build.0 = Debug|x64
		{97A7E96F-A6D6-4915-968C-701CFC88B9DC}.Debug|x86.ActiveCfg = Debug|Win32
		{97A7E96F-A6D6-4915-968C-701CFC88B9DC}.Debug|x86.Build.0 = Debug|Win32
		{97A7E96F-A6D6-4915-968C-701CFC88B9DC}.Release|x64.ActiveCfg = Release|x64
		{97A7E96F-A6D6-4915-968C-701CFC88B9DC}.Release|x64.Build.0 = Release|x64
		{97A7E96F-A6D6-4915-968C-701CFC88B9DC}.Release|x86.ActiveCfg = Release|Win32
		{97A7E96F-A6D6-4915-968C-701CFC88B9DC}.Release|x86.Build.0 = Release|Win32
		{248C3D64-D7C1-4C79-8B30-2EAC02331726}.Debug|x64.ActiveCfg = Debug|x64
		{248C3D64-D7C1-4C79-8B30-2EAC02331726}.Debug|x64.Build.0 = Debug|x64
		{248C3D64-D7C1-4C79-8B30-2EAC02331726}.Debug|x86.ActiveCfg = Debug|Win32
		{248C3D64-D7C1-4C79-8B30-2EAC02331726}.Debug|x86.Build.0 = Debug|Win32
		{248C3D64-D7C1-4C79-8B30-2EAC02331726}.Release|x64.ActiveCfg = Release|x64
		{248C3D64-D7C1-4C79-8B30-2EAC02331726}.Release|x64.Build.0 = Release|x64
		{248C3D64-D7C1-4C79-8B30-2EAC02331726}.Release|x86.ActiveCfg = Release|Win32
		{248C3D64-D7C1-4C79-8B30-2EAC02331726}.Release|x86.Build.0 = Release|Win32
		{266052B3-ADD4-4C73-A807-FDC37720ECB6}.Debug|x64.ActiveCfg = Debug|x64
		{266052B3-ADD4-4C73-A807-FDC37720ECB6}.Debug|x64.Build.0 = Debug|x64
		{266052B3-ADD4-4C73-A807-FDC37720ECB6}.Debug|x86.ActiveCfg = Debug|Win32
		{266052B3-ADD4-4C73-A807-FDC37720ECB6}.Debug|x86.Build.0 = Debug|Win32
		{266052B3-ADD4-4C73-A807-FDC37720ECB6}.Release|x64.ActiveCfg = Release|x64
		{266052B3-ADD4-4C73-A807-FDC37720ECB6}.Release|x64.Build.0 = Release|x64
		{266052B3-ADD4-4C73-A807-FDC37720ECB6}.Release|x86.ActiveCfg = Release|Win32
		{266052B3-ADD4-4C73-A807-FDC37720ECB6}.Release|x86.Build.0 = Release|Win32
	EndGlobalSection
	GlobalSection(SolutionProperties) = preSolution
		HideSolutionNode = FALSE
	EndGlobalSection
	GlobalSection(ExtensibilityGlobals) = postSolution
		SolutionGuid = {062B0237-3B54-42B5-883C-DA6DE6C4EABB}
	EndGlobalSection
EndGlobal
